
Microsoft Visual Studio Solution File, Format Version 12.00
# Visual Studio Version 16
VisualStudioVersion = 16.0.28803.202
MinimumVisualStudioVersion = 10.0.40219.1
Project("{FAE04EC0-301F-11D3-BF4B-00C04F79EFBC}") = "ScreenFliteFileService", "ScreenFliteFileService\ScreenFliteFileService.csproj", "{FA1A9642-269D-40FF-9FBD-84D35EB5C37D}"
EndProject
Global
	GlobalSection(SolutionConfigurationPlatforms) = preSolution
		Debug|Any CPU = Debug|Any CPU
		Release|Any CPU = Release|Any CPU
	EndGlobalSection
	GlobalSection(ProjectConfigurationPlatforms) = postSolution
		{FA1A9642-269D-40FF-9FBD-84D35EB5C37D}.Debug|Any CPU.ActiveCfg = Debug|Any CPU
		{FA1A9642-269D-40FF-9FBD-84D35EB5C37D}.Debug|Any CPU.Build.0 = Debug|Any CPU
		{FA1A9642-269D-40FF-9FBD-84D35EB5C37D}.Release|Any CPU.ActiveCfg = Release|Any CPU
		{FA1A9642-269D-40FF-9FBD-84D35EB5C37D}.Release|Any CPU.Build.0 = Release|Any CPU
	EndGlobalSection
	GlobalSection(SolutionProperties) = preSolution
		HideSolutionNode = FALSE
	EndGlobalSection
	GlobalSection(ExtensibilityGlobals) = postSolution
		SolutionGuid = {7E30EE1B-BEDD-4D25-9C20-3F4A2D8B12AF}
	EndGlobalSection
EndGlobal
